#
# This file was generated automatically by Offenbach
# @see https://github.com/yannoff/offenbach for details
#
_readme:
    - 'This file locks the dependencies of your project to a known state'
    - 'Read more about it at https://getcomposer.org/doc/01-basic-usage.md#installing-dependencies'
    - 'This file is @generated automatically'
content-hash: ad790642fb7ddbb04c314652a6ca6940
packages:
    -
        name: yannoff/console
        version: 2.2.2
        source:
            type: git
            url: 'https://github.com/yannoff/console.git'
            reference: ac45b6a94cf5de7aeea63a1aa0bbb3eb1c4f4404
        dist:
            type: zip
            url: 'https://api.github.com/repos/yannoff/console/zipball/ac45b6a94cf5de7aeea63a1aa0bbb3eb1c4f4404'
            reference: ac45b6a94cf5de7aeea63a1aa0bbb3eb1c4f4404
            shasum: ''
        require:
            php: '>=5.5'
        type: library
        autoload:
            psr-4:
                Yannoff\Component\Console\: src/
        notification-url: 'https://packagist.org/downloads/'
        license:
            - MIT
        authors:
            -
                name: Yannoff
                homepage: 'https://github.com/yannoff'
        description: 'A simple, lightweight console implementation for command-line PHP applications.'
        homepage: 'https://github.com/yannoff/console'
        support:
            issues: 'https://github.com/yannoff/console/issues'
            source: 'https://github.com/yannoff/console/tree/2.2.2'
        time: '2023-10-30T15:31:09+00:00'
packages-dev: []
aliases: []
minimum-stability: stable
stability-flags: []
prefer-stable: false
prefer-lowest: false
platform:
    php: '>=7.1'
platform-dev: []
plugin-api-version: 2.2.0
